{
  "name": "MaturaMeat",
  "lockfileVersion": 3,
  "requires": true,
  "packages": {
    "": {
      "dependencies": {
        "embla-carousel": "^7.0.9"
      }
    },
    "node_modules/embla-carousel": {
      "version": "7.0.9",
      "resolved": "https://registry.npmjs.org/embla-carousel/-/embla-carousel-7.0.9.tgz",
      "integrity": "sha512-g8pGPd1BxexiZgw8F1aNM1KL3x3eEcz6TGTz20AuqCCynASBV7/h1+aS2rySDc/hHkXqbU8dk7TDhW71LCqVkQ=="
    }
  }
}
